<?xml version="1.0" encoding="utf-8"?>
<Project ToolsVersion="4.0" xmlns="http://schemas.microsoft.com/developer/msbuild/2003">
  <ItemGroup>
    <ClCompile Include="pch.cpp" />
    <ClCompile Include="omnet_client.cpp">
      <Filter>omnet_apis</Filter>
    </ClCompile>
    <ClCompile Include="logger.cpp">
      <Filter>omnet_apis</Filter>
    </ClCompile>
  </ItemGroup>
  <ItemGroup>
    <ClInclude Include="pch.h" />
    <ClInclude Include="omnet_client.h">
      <Filter>omnet_apis</Filter>
    </ClInclude>
    <ClInclude Include="logger.h">
      <Filter>omnet_apis</Filter>
    </ClInclude>
    <ClInclude Include="resource.h" />
  </ItemGroup>
  <ItemGroup>
    <Filter Include="omnet_apis">
      <UniqueIdentifier>{2a3f00d0-b680-45c6-8f05-bca6562eb49d}</UniqueIdentifier>
    </Filter>
  </ItemGroup>
  <ItemGroup>
    <ResourceCompile Include="TitanOMnet.rc" />
  </ItemGroup>
</Project>